{
  "version": 1,
  "dependencies": {
    "net10.0": {
      "Microsoft.CodeAnalysis.BannedApiAnalyzers": {
        "type": "Direct",
        "requested": "[5.6.0, )",
        "resolved": "5.6.0",
        "contentHash": "Kcobt3pnOdO0A+6CKiMHZdTEluJpsfxiV20axtZdmfBQnDmiWTKPJADlgAfdTuKNAnVarrkJa0UEGwuOo91muw=="
      },
      "Microsoft.DotNet.ILCompiler": {
        "type": "Direct",
        "requested": "[10.0.12, )",
        "resolved": "10.0.12",
        "contentHash": "AawF393Q+VkdrnrnI1gu612zh5iqpa1AGSvnKCQ3IkMgSKJXIQbO1sXYRgEzOU4f0cPZ6MaCCF29xZSGWlmbuQ=="
      },
      "Microsoft.NET.ILLink.Tasks": {
        "type": "Direct",
        "requested": "[10.0.12, )",
        "resolved": "10.0.12",
        "contentHash": "xi+BDjFpW+Sb+MHFHaH6Y/gV9I8BluFwRXc1QyCdoZbIK26eNiBeFuMTe/FMwc33G1wdHCyDg7CVTmb8OdQrMQ=="
      },
      "Microsoft.VisualStudio.Threading.Analyzers": {
        "type": "Direct",
        "requested": "[18.7.23, )",
        "resolved": "18.7.23",
        "contentHash": "dyj6z8m+LFjpeH69hdnciCcRCmD0YgMlvuQEywiEshjqj/blgQ+PuWX8Vd5gkWQFoBN4e+TFxx6DvGNSv/gIKg=="
      }
    },
    "net10.0/linux-arm64": {
      "Microsoft.DotNet.ILCompiler": {
        "type": "Direct",
        "requested": "[10.0.12, )",
        "resolved": "10.0.12",
        "contentHash": "AawF393Q+VkdrnrnI1gu612zh5iqpa1AGSvnKCQ3IkMgSKJXIQbO1sXYRgEzOU4f0cPZ6MaCCF29xZSGWlmbuQ==",
        "dependencies": {
          "runtime.linux-arm64.Microsoft.DotNet.ILCompiler": "10.0.12"
        }
      },
      "runtime.linux-arm64.Microsoft.DotNet.ILCompiler": {
        "type": "Transitive",
        "resolved": "10.0.12",
        "contentHash": "/5+mHi8hwnpAh0Uut3VVoungKmx5lER+c9T11qlt9Geqpm3j28eTnay6kQnWdegcGgXBhdLN/iY09yPR8GukeQ=="
      }
    },
    "net10.0/linux-x64": {
      "Microsoft.DotNet.ILCompiler": {
        "type": "Direct",
        "requested": "[10.0.12, )",
        "resolved": "10.0.12",
        "contentHash": "AawF393Q+VkdrnrnI1gu612zh5iqpa1AGSvnKCQ3IkMgSKJXIQbO1sXYRgEzOU4f0cPZ6MaCCF29xZSGWlmbuQ==",
        "dependencies": {
          "runtime.linux-x64.Microsoft.DotNet.ILCompiler": "10.0.12"
        }
      },
      "runtime.linux-x64.Microsoft.DotNet.ILCompiler": {
        "type": "Transitive",
        "resolved": "10.0.12",
        "contentHash": "wAa+LAE6+Bkd+pEJvGdnQU8PZQRzvhurpQ4hzsOTpRuedIq1kunJcz86xBCBlzsc+QlVdCKVUPzEfB3uYVB7Gw=="
      }
    }
  }
}