# The aarch64 link needs the target's libc objects. tools/sysroot.sh unpacks these
# Arch Linux ARM packages (aarch64/core on mirror.archlinuxarm.org) into the
# sysroot and refuses any file whose sha256 differs. sqlite is not linked: it lets
# qemu-aarch64-static run the aarch64 selftest against the sysroot.
# package          version                          file                                                     sha256
gcc                16.1.1+r12+g301eb08fa2c5-1       gcc-16.1.1+r12+g301eb08fa2c5-1-aarch64.pkg.tar.xz        067a2aa64f5c7e626e3910fed6fd1f173a1fd9eb6bebaebdd7a7f5be58e170c4
gcc-libs           16.1.1+r12+g301eb08fa2c5-1       gcc-libs-16.1.1+r12+g301eb08fa2c5-1-aarch64.pkg.tar.xz   28dc936393f6ba45fee433a58fb1c6c0648aa4500131087fded719c22e2fc222
glibc              2.43+r22+g8362e8ce10b2-2         glibc-2.43+r22+g8362e8ce10b2-2-aarch64.pkg.tar.xz        8fac217e98c6e4342326726b2640ac254e8c82032f06f30bfa13ebbcc4fcb25b
libgcc             16.1.1+r12+g301eb08fa2c5-1       libgcc-16.1.1+r12+g301eb08fa2c5-1-aarch64.pkg.tar.xz     0f98bdf94a6e2f6758b9ffe98cbc9391a109326ed23bd264cabe0a81a04d7ae4
libstdc++          16.1.1+r12+g301eb08fa2c5-1       libstdc++-16.1.1+r12+g301eb08fa2c5-1-aarch64.pkg.tar.xz  19832a38b2c4820695d28289f1c4f371955586d39fb893d8cbc0d8dbb09a4383
linux-api-headers  7.2-1                            linux-api-headers-7.2-1-aarch64.pkg.tar.xz               e03baabe6bbf49b65b394eb24629978bbb2094cd17b3fecd892a011041f9c24a
sqlite             3.53.4-1                         sqlite-3.53.4-1-aarch64.pkg.tar.xz                       9512d37af4ac6910e10e2a8e6f85078ab72a2ece17a8e6b51755898f50b900ba
zlib               1:1.3.2-3                        zlib-1:1.3.2-3-aarch64.pkg.tar.xz                        7e31b465e09e8e61375578b8e26ed883906e126e0c0ef1c75b7ccccfa95a58c4
